
Microsoft Visual Studio Solution File, Format Version 12.00
# Visual Studio Version 17
VisualStudioVersion = 17.8.34511.84
MinimumVisualStudioVersion = 10.0.40219.1
Project("{FAE04EC0-301F-11D3-BF4B-00C04F79EFBC}") = "AngularApp1.Server", "AngularApp1.Server\AngularApp1.Server.csproj", "{D6A0BCFD-6497-4BE0-BFE3-64EFFC31F1A7}"
EndProject
Project("{54A90642-561A-4BB1-A94E-469ADEE60C69}") = "angularapp1.client", "angularapp1.client\angularapp1.client.esproj", "{C207B56D-E3D8-4E81-B34C-5B8DF98049B7}"
EndProject
Global
	GlobalSection(SolutionConfigurationPlatforms) = preSolution
		Debug|Any CPU = Debug|Any CPU
		Release|Any CPU = Release|Any CPU
	EndGlobalSection
	GlobalSection(ProjectConfigurationPlatforms) = postSolution
		{D6A0BCFD-6497-4BE0-BFE3-64EFFC31F1A7}.Debug|Any CPU.ActiveCfg = Debug|Any CPU
		{D6A0BCFD-6497-4BE0-BFE3-64EFFC31F1A7}.Debug|Any CPU.Build.0 = Debug|Any CPU
		{D6A0BCFD-6497-4BE0-BFE3-64EFFC31F1A7}.Release|Any CPU.ActiveCfg = Release|Any CPU
		{D6A0BCFD-6497-4BE0-BFE3-64EFFC31F1A7}.Release|Any CPU.Build.0 = Release|Any CPU
		{C207B56D-E3D8-4E81-B34C-5B8DF98049B7}.Debug|Any CPU.ActiveCfg = Debug|Any CPU
		{C207B56D-E3D8-4E81-B34C-5B8DF98049B7}.Debug|Any CPU.Build.0 = Debug|Any CPU
		{C207B56D-E3D8-4E81-B34C-5B8DF98049B7}.Debug|Any CPU.Deploy.0 = Debug|Any CPU
		{C207B56D-E3D8-4E81-B34C-5B8DF98049B7}.Release|Any CPU.ActiveCfg = Release|Any CPU
		{C207B56D-E3D8-4E81-B34C-5B8DF98049B7}.Release|Any CPU.Build.0 = Release|Any CPU
		{C207B56D-E3D8-4E81-B34C-5B8DF98049B7}.Release|Any CPU.Deploy.0 = Release|Any CPU
	EndGlobalSection
	GlobalSection(SolutionProperties) = preSolution
		HideSolutionNode = FALSE
	EndGlobalSection
	GlobalSection(ExtensibilityGlobals) = postSolution
		SolutionGuid = {E8CF5E5A-A054-4198-A406-E1E430E40E34}
	EndGlobalSection
EndGlobal
